
Microsoft Visual Studio Solution File, Format Version 12.00
# Visual Studio Version 17
VisualStudioVersion = 17.11.35327.3
MinimumVisualStudioVersion = 10.0.40219.1
Project("{9A19103F-16F7-4668-BE54-9A1E7A4F7556}") = "PersonalWebsite.WebUI", "src\PersonalWebsite.WebUI\PersonalWebsite.WebUI.csproj", "{0A5D3110-AEC1-49B7-AC15-CF1B0A5E452C}"
EndProject
Global
	GlobalSection(SolutionConfigurationPlatforms) = preSolution
		Debug|Any CPU = Debug|Any CPU
		Release|Any CPU = Release|Any CPU
	EndGlobalSection
	GlobalSection(ProjectConfigurationPlatforms) = postSolution
		{0A5D3110-AEC1-49B7-AC15-CF1B0A5E452C}.Debug|Any CPU.ActiveCfg = Debug|Any CPU
		{0A5D3110-AEC1-49B7-AC15-CF1B0A5E452C}.Debug|Any CPU.Build.0 = Debug|Any CPU
		{0A5D3110-AEC1-49B7-AC15-CF1B0A5E452C}.Release|Any CPU.ActiveCfg = Release|Any CPU
		{0A5D3110-AEC1-49B7-AC15-CF1B0A5E452C}.Release|Any CPU.Build.0 = Release|Any CPU
	EndGlobalSection
	GlobalSection(SolutionProperties) = preSolution
		HideSolutionNode = FALSE
	EndGlobalSection
	GlobalSection(ExtensibilityGlobals) = postSolution
		SolutionGuid = {E2EA8BB8-D528-4261-ABEE-35197B5BABC4}
	EndGlobalSection
EndGlobal
