
Microsoft Visual Studio Solution File, Format Version 12.00
# Visual Studio Version 17
VisualStudioVersion = 17.0.31903.59
MinimumVisualStudioVersion = 10.0.40219.1
Project("{9A19103F-16F7-4668-BE54-9A1E7A4F7556}") = "PersonalWebsite.MVCWebUI", "src\PersonalWebsite.MVCWebUI\PersonalWebsite.MVCWebUI.csproj", "{E6093387-F1EF-4D4B-ABB0-E2B8B6919D10}"
EndProject
Global
	GlobalSection(SolutionConfigurationPlatforms) = preSolution
		Debug|Any CPU = Debug|Any CPU
		Release|Any CPU = Release|Any CPU
	EndGlobalSection
	GlobalSection(ProjectConfigurationPlatforms) = postSolution
		{E6093387-F1EF-4D4B-ABB0-E2B8B6919D10}.Debug|Any CPU.ActiveCfg = Debug|Any CPU
		{E6093387-F1EF-4D4B-ABB0-E2B8B6919D10}.Debug|Any CPU.Build.0 = Debug|Any CPU
		{E6093387-F1EF-4D4B-ABB0-E2B8B6919D10}.Release|Any CPU.ActiveCfg = Release|Any CPU
		{E6093387-F1EF-4D4B-ABB0-E2B8B6919D10}.Release|Any CPU.Build.0 = Release|Any CPU
	EndGlobalSection
	GlobalSection(SolutionProperties) = preSolution
		HideSolutionNode = FALSE
	EndGlobalSection
	GlobalSection(ExtensibilityGlobals) = postSolution
		SolutionGuid = {E54CC954-BAE8-40A8-9FD9-A26FA9A9DD7F}
	EndGlobalSection
EndGlobal
